// !$*UTF8*$!
{
	archiveVersion = 1;
	classes = {
	};
	objectVersion = 55;
	objects = {

/* Begin PBXBuildFile section */
		145EC54D287BFAD0007F6B12 /* CalendarViewController.swift in Sources */ = {isa = PBXBuildFile; fileRef = 145EC54C287BFAD0007F6B12 /* CalendarViewController.swift */; };
		145EC5AE287FDB1A007F6B12 /* TodoCell.swift in Sources */ = {isa = PBXBuildFile; fileRef = 145EC5AC287FDB1A007F6B12 /* TodoCell.swift */; };
		145EC5AF287FDB1A007F6B12 /* TodoCell.xib in Resources */ = {isa = PBXBuildFile; fileRef = 145EC5AD287FDB1A007F6B12 /* TodoCell.xib */; };
		145EC5B1287FEEAF007F6B12 /* InputTodoViewController.swift in Sources */ = {isa = PBXBuildFile; fileRef = 145EC5B0287FEEAF007F6B12 /* InputTodoViewController.swift */; };
		14A8A5E02886BC7600C42468 /* Coment.swift in Sources */ = {isa = PBXBuildFile; fileRef = 14A8A5DF2886BC7600C42468 /* Coment.swift */; };
		14C8B63928868C5A009BB147 /* Todo.swift in Sources */ = {isa = PBXBuildFile; fileRef = 14C8B63828868C5A009BB147 /* Todo.swift */; };
		14EF29632872A9330031DD36 /* AppDelegate.swift in Sources */ = {isa = PBXBuildFile; fileRef = 14EF29622872A9330031DD36 /* AppDelegate.swift */; };
		14EF29652872A9330031DD36 /* SceneDelegate.swift in Sources */ = {isa = PBXBuildFile; fileRef = 14EF29642872A9330031DD36 /* SceneDelegate.swift */; };
		14EF296A2872A9330031DD36 /* Main.storyboard in Resources */ = {isa = PBXBuildFile; fileRef = 14EF29682872A9330031DD36 /* Main.storyboard */; };
		14EF296C2872A9400031DD36 /* Assets.xcassets in Resources */ = {isa = PBXBuildFile; fileRef = 14EF296B2872A9400031DD36 /* Assets.xcassets */; };
		14EF296F2872A9400031DD36 /* LaunchScreen.storyboard in Resources */ = {isa = PBXBuildFile; fileRef = 14EF296D2872A9400031DD36 /* LaunchScreen.storyboard */; };
		14EF29772872ABDB0031DD36 /* MainViewController.swift in Sources */ = {isa = PBXBuildFile; fileRef = 14EF29762872ABDB0031DD36 /* MainViewController.swift */; };
		14EF29872872BFB70031DD36 /* WriteComentViewController.swift in Sources */ = {isa = PBXBuildFile; fileRef = 14EF29862872BFB70031DD36 /* WriteComentViewController.swift */; };
		14EF298A2872F5720031DD36 /* ComentCell.swift in Sources */ = {isa = PBXBuildFile; fileRef = 14EF29882872F5720031DD36 /* ComentCell.swift */; };
		14EF298B2872F5720031DD36 /* ComentCell.xib in Resources */ = {isa = PBXBuildFile; fileRef = 14EF29892872F5720031DD36 /* ComentCell.xib */; };
		14EF298F287303000031DD36 /* TodoHeaderCell.xib in Resources */ = {isa = PBXBuildFile; fileRef = 14EF298E287303000031DD36 /* TodoHeaderCell.xib */; };
		14EF2991287303180031DD36 /* TodoHeaderCell.swift in Sources */ = {isa = PBXBuildFile; fileRef = 14EF2990287303180031DD36 /* TodoHeaderCell.swift */; };
		14EF2993287306800031DD36 /* ComentHeaderCell.xib in Resources */ = {isa = PBXBuildFile; fileRef = 14EF2992287306800031DD36 /* ComentHeaderCell.xib */; };
		14EF29952873068D0031DD36 /* ComentHeaderCell.swift in Sources */ = {isa = PBXBuildFile; fileRef = 14EF29942873068D0031DD36 /* ComentHeaderCell.swift */; };
		C6D5AA79008C8BAA28096362 /* Pods_TodoListApp.framework in Frameworks */ = {isa = PBXBuildFile; fileRef = 5D6786C028F7F38D72E8183B /* Pods_TodoListApp.framework */; };
/* End PBXBuildFile section */

/* Begin PBXFileReference section */
		145EC54C287BFAD0007F6B12 /* CalendarViewController.swift */ = {isa = PBXFileReference; lastKnownFileType = sourcecode.swift; path = CalendarViewController.swift; sourceTree = "<group>"; };
		145EC5AC287FDB1A007F6B12 /* TodoCell.swift */ = {isa = PBXFileReference; lastKnownFileType = sourcecode.swift; path = TodoCell.swift; sourceTree = "<group>"; };
		145EC5AD287FDB1A007F6B12 /* TodoCell.xib */ = {isa = PBXFileReference; lastKnownFileType = file.xib; path = TodoCell.xib; sourceTree = "<group>"; };
		145EC5B0287FEEAF007F6B12 /* InputTodoViewController.swift */ = {isa = PBXFileReference; lastKnownFileType = sourcecode.swift; path = InputTodoViewController.swift; sourceTree = "<group>"; };
		14A8A5DF2886BC7600C42468 /* Coment.swift */ = {isa = PBXFileReference; lastKnownFileType = sourcecode.swift; path = Coment.swift; sourceTree = "<group>"; };
		14C8B63828868C5A009BB147 /* Todo.swift */ = {isa = PBXFileReference; lastKnownFileType = sourcecode.swift; path = Todo.swift; sourceTree = "<group>"; };
		14EF295F2872A9330031DD36 /* TodoListApp.app */ = {isa = PBXFileReference; explicitFileType = wrapper.application; includeInIndex = 0; path = TodoListApp.app; sourceTree = BUILT_PRODUCTS_DIR; };
		14EF29622872A9330031DD36 /* AppDelegate.swift */ = {isa = PBXFileReference; lastKnownFileType = sourcecode.swift; path = AppDelegate.swift; sourceTree = "<group>"; };
		14EF29642872A9330031DD36 /* SceneDelegate.swift */ = {isa = PBXFileReference; lastKnownFileType = sourcecode.swift; path = SceneDelegate.swift; sourceTree = "<group>"; };
		14EF29692872A9330031DD36 /* Base */ = {isa = PBXFileReference; lastKnownFileType = file.storyboard; name = Base; path = Base.lproj/Main.storyboard; sourceTree = "<group>"; };
		14EF296B2872A9400031DD36 /* Assets.xcassets */ = {isa = PBXFileReference; lastKnownFileType = folder.assetcatalog; path = Assets.xcassets; sourceTree = "<group>"; };
		14EF296E2872A9400031DD36 /* Base */ = {isa = PBXFileReference; lastKnownFileType = file.storyboard; name = Base; path = Base.lproj/LaunchScreen.storyboard; sourceTree = "<group>"; };
		14EF29702872A9400031DD36 /* Info.plist */ = {isa = PBXFileReference; lastKnownFileType = text.plist.xml; path = Info.plist; sourceTree = "<group>"; };
		14EF29762872ABDB0031DD36 /* MainViewController.swift */ = {isa = PBXFileReference; lastKnownFileType = sourcecode.swift; path = MainViewController.swift; sourceTree = "<group>"; };
		14EF29862872BFB70031DD36 /* WriteComentViewController.swift */ = {isa = PBXFileReference; lastKnownFileType = sourcecode.swift; path = WriteComentViewController.swift; sourceTree = "<group>"; };
		14EF29882872F5720031DD36 /* ComentCell.swift */ = {isa = PBXFileReference; lastKnownFileType = sourcecode.swift; path = ComentCell.swift; sourceTree = "<group>"; };
		14EF29892872F5720031DD36 /* ComentCell.xib */ = {isa = PBXFileReference; lastKnownFileType = file.xib; path = ComentCell.xib; sourceTree = "<group>"; };
		14EF298E287303000031DD36 /* TodoHeaderCell.xib */ = {isa = PBXFileReference; lastKnownFileType = file.xib; path = TodoHeaderCell.xib; sourceTree = "<group>"; };
		14EF2990287303180031DD36 /* TodoHeaderCell.swift */ = {isa = PBXFileReference; lastKnownFileType = sourcecode.swift; path = TodoHeaderCell.swift; sourceTree = "<group>"; };
		14EF2992287306800031DD36 /* ComentHeaderCell.xib */ = {isa = PBXFileReference; lastKnownFileType = file.xib; path = ComentHeaderCell.xib; sourceTree = "<group>"; };
		14EF29942873068D0031DD36 /* ComentHeaderCell.swift */ = {isa = PBXFileReference; lastKnownFileType = sourcecode.swift; path = ComentHeaderCell.swift; sourceTree = "<group>"; };
		5D6786C028F7F38D72E8183B /* Pods_TodoListApp.framework */ = {isa = PBXFileReference; explicitFileType = wrapper.framework; includeInIndex = 0; path = Pods_TodoListApp.framework; sourceTree = BUILT_PRODUCTS_DIR; };
		CD9A41C76513313357D75F99 /* Pods-TodoListApp.debug.xcconfig */ = {isa = PBXFileReference; includeInIndex = 1; lastKnownFileType = text.xcconfig; name = "Pods-TodoListApp.debug.xcconfig"; path = "Target Support Files/Pods-TodoListApp/Pods-TodoListApp.debug.xcconfig"; sourceTree = "<group>"; };
		EF234E97274A951B938A5413 /* Pods-TodoListApp.release.xcconfig */ = {isa = PBXFileReference; includeInIndex = 1; lastKnownFileType = text.xcconfig; name = "Pods-TodoListApp.release.xcconfig"; path = "Target Support Files/Pods-TodoListApp/Pods-TodoListApp.release.xcconfig"; sourceTree = "<group>"; };
/* End PBXFileReference section */

/* Begin PBXFrameworksBuildPhase section */
		14EF295C2872A9330031DD36 /* Frameworks */ = {
			isa = PBXFrameworksBuildPhase;
			buildActionMask = 2147483647;
			files = (
				C6D5AA79008C8BAA28096362 /* Pods_TodoListApp.framework in Frameworks */,
			);
			runOnlyForDeploymentPostprocessing = 0;
		};
/* End PBXFrameworksBuildPhase section */

/* Begin PBXGroup section */
		145EC5A9287EA965007F6B12 /* Model */ = {
			isa = PBXGroup;
			children = (
				14C8B63828868C5A009BB147 /* Todo.swift */,
				14A8A5DF2886BC7600C42468 /* Coment.swift */,
			);
			path = Model;
			sourceTree = "<group>";
		};
		14EF29562872A9320031DD36 = {
			isa = PBXGroup;
			children = (
				14EF29612872A9330031DD36 /* TodoListApp */,
				14EF29602872A9330031DD36 /* Products */,
				D747A9062C77C823EFF2F8FF /* Pods */,
				D8C1480C27B0595142E45672 /* Frameworks */,
			);
			sourceTree = "<group>";
		};
		14EF29602872A9330031DD36 /* Products */ = {
			isa = PBXGroup;
			children = (
				14EF295F2872A9330031DD36 /* TodoListApp.app */,
			);
			name = Products;
			sourceTree = "<group>";
		};
		14EF29612872A9330031DD36 /* TodoListApp */ = {
			isa = PBXGroup;
			children = (
				145EC5A9287EA965007F6B12 /* Model */,
				14EF2997287309910031DD36 /* Views */,
				14EF2996287309720031DD36 /* Cells */,
				14EF29622872A9330031DD36 /* AppDelegate.swift */,
				14EF29642872A9330031DD36 /* SceneDelegate.swift */,
				14EF29682872A9330031DD36 /* Main.storyboard */,
				14EF296B2872A9400031DD36 /* Assets.xcassets */,
				14EF296D2872A9400031DD36 /* LaunchScreen.storyboard */,
				14EF29702872A9400031DD36 /* Info.plist */,
			);
			path = TodoListApp;
			sourceTree = "<group>";
		};
		14EF2996287309720031DD36 /* Cells */ = {
			isa = PBXGroup;
			children = (
				14EF29892872F5720031DD36 /* ComentCell.xib */,
				14EF29882872F5720031DD36 /* ComentCell.swift */,
				14EF298E287303000031DD36 /* TodoHeaderCell.xib */,
				14EF2990287303180031DD36 /* TodoHeaderCell.swift */,
				14EF2992287306800031DD36 /* ComentHeaderCell.xib */,
				14EF29942873068D0031DD36 /* ComentHeaderCell.swift */,
				145EC5AD287FDB1A007F6B12 /* TodoCell.xib */,
				145EC5AC287FDB1A007F6B12 /* TodoCell.swift */,
			);
			path = Cells;
			sourceTree = "<group>";
		};
		14EF2997287309910031DD36 /* Views */ = {
			isa = PBXGroup;
			children = (
				14EF29762872ABDB0031DD36 /* MainViewController.swift */,
				14EF29862872BFB70031DD36 /* WriteComentViewController.swift */,
				145EC54C287BFAD0007F6B12 /* CalendarViewController.swift */,
				145EC5B0287FEEAF007F6B12 /* InputTodoViewController.swift */,
			);
			path = Views;
			sourceTree = "<group>";
		};
		D747A9062C77C823EFF2F8FF /* Pods */ = {
			isa = PBXGroup;
			children = (
				CD9A41C76513313357D75F99 /* Pods-TodoListApp.debug.xcconfig */,
				EF234E97274A951B938A5413 /* Pods-TodoListApp.release.xcconfig */,
			);
			path = Pods;
			sourceTree = "<group>";
		};
		D8C1480C27B0595142E45672 /* Frameworks */ = {
			isa = PBXGroup;
			children = (
				5D6786C028F7F38D72E8183B /* Pods_TodoListApp.framework */,
			);
			name = Frameworks;
			sourceTree = "<group>";
		};
/* End PBXGroup section */

/* Begin PBXNativeTarget section */
		14EF295E2872A9330031DD36 /* TodoListApp */ = {
			isa = PBXNativeTarget;
			buildConfigurationList = 14EF29732872A9400031DD36 /* Build configuration list for PBXNativeTarget "TodoListApp" */;
			buildPhases = (
				594F62C5D32483343CC43E75 /* [CP] Check Pods Manifest.lock */,
				14EF295B2872A9330031DD36 /* Sources */,
				14EF295C2872A9330031DD36 /* Frameworks */,
				14EF295D2872A9330031DD36 /* Resources */,
				D3B53C1BA88B40354E61348F /* [CP] Embed Pods Frameworks */,
			);
			buildRules = (
			);
			dependencies = (
			);
			name = TodoListApp;
			productName = TodoListApp;
			productReference = 14EF295F2872A9330031DD36 /* TodoListApp.app */;
			productType = "com.apple.product-type.application";
		};
/* End PBXNativeTarget section */

/* Begin PBXProject section */
		14EF29572872A9320031DD36 /* Project object */ = {
			isa = PBXProject;
			attributes = {
				BuildIndependentTargetsInParallel = 1;
				LastSwiftUpdateCheck = 1330;
				LastUpgradeCheck = 1330;
				TargetAttributes = {
					14EF295E2872A9330031DD36 = {
						CreatedOnToolsVersion = 13.3;
					};
				};
			};
			buildConfigurationList = 14EF295A2872A9320031DD36 /* Build configuration list for PBXProject "TodoListApp" */;
			compatibilityVersion = "Xcode 13.0";
			developmentRegion = en;
			hasScannedForEncodings = 0;
			knownRegions = (
				en,
				Base,
			);
			mainGroup = 14EF29562872A9320031DD36;
			productRefGroup = 14EF29602872A9330031DD36 /* Products */;
			projectDirPath = "";
			projectRoot = "";
			targets = (
				14EF295E2872A9330031DD36 /* TodoListApp */,
			);
		};
/* End PBXProject section */

/* Begin PBXResourcesBuildPhase section */
		14EF295D2872A9330031DD36 /* Resources */ = {
			isa = PBXResourcesBuildPhase;
			buildActionMask = 2147483647;
			files = (
				14EF296F2872A9400031DD36 /* LaunchScreen.storyboard in Resources */,
				14EF296C2872A9400031DD36 /* Assets.xcassets in Resources */,
				145EC5AF287FDB1A007F6B12 /* TodoCell.xib in Resources */,
				14EF296A2872A9330031DD36 /* Main.storyboard in Resources */,
				14EF298B2872F5720031DD36 /* ComentCell.xib in Resources */,
				14EF2993287306800031DD36 /* ComentHeaderCell.xib in Resources */,
				14EF298F287303000031DD36 /* TodoHeaderCell.xib in Resources */,
			);
			runOnlyForDeploymentPostprocessing = 0;
		};
/* End PBXResourcesBuildPhase section */

/* Begin PBXShellScriptBuildPhase section */
		594F62C5D32483343CC43E75 /* [CP] Check Pods Manifest.lock */ = {
			isa = PBXShellScriptBuildPhase;
			buildActionMask = 2147483647;
			files = (
			);
			inputFileListPaths = (
			);
			inputPaths = (
				"${PODS_PODFILE_DIR_PATH}/Podfile.lock",
				"${PODS_ROOT}/Manifest.lock",
			);
			name = "[CP] Check Pods Manifest.lock";
			outputFileListPaths = (
			);
			outputPaths = (
				"$(DERIVED_FILE_DIR)/Pods-TodoListApp-checkManifestLockResult.txt",
			);
			runOnlyForDeploymentPostprocessing = 0;
			shellPath = /bin/sh;
			shellScript = "diff \"${PODS_PODFILE_DIR_PATH}/Podfile.lock\" \"${PODS_ROOT}/Manifest.lock\" > /dev/null\nif [ $? != 0 ] ; then\n    # print error to STDERR\n    echo \"error: The sandbox is not in sync with the Podfile.lock. Run 'pod install' or update your CocoaPods installation.\" >&2\n    exit 1\nfi\n# This output is used by Xcode 'outputs' to avoid re-running this script phase.\necho \"SUCCESS\" > \"${SCRIPT_OUTPUT_FILE_0}\"\n";
			showEnvVarsInLog = 0;
		};
		D3B53C1BA88B40354E61348F /* [CP] Embed Pods Frameworks */ = {
			isa = PBXShellScriptBuildPhase;
			buildActionMask = 2147483647;
			files = (
			);
			inputFileListPaths = (
				"${PODS_ROOT}/Target Support Files/Pods-TodoListApp/Pods-TodoListApp-frameworks-${CONFIGURATION}-input-files.xcfilelist",
			);
			name = "[CP] Embed Pods Frameworks";
			outputFileListPaths = (
				"${PODS_ROOT}/Target Support Files/Pods-TodoListApp/Pods-TodoListApp-frameworks-${CONFIGURATION}-output-files.xcfilelist",
			);
			runOnlyForDeploymentPostprocessing = 0;
			shellPath = /bin/sh;
			shellScript = "\"${PODS_ROOT}/Target Support Files/Pods-TodoListApp/Pods-TodoListApp-frameworks.sh\"\n";
			showEnvVarsInLog = 0;
		};
/* End PBXShellScriptBuildPhase section */

/* Begin PBXSourcesBuildPhase section */
		14EF295B2872A9330031DD36 /* Sources */ = {
			isa = PBXSourcesBuildPhase;
			buildActionMask = 2147483647;
			files = (
				14EF29952873068D0031DD36 /* ComentHeaderCell.swift in Sources */,
				14A8A5E02886BC7600C42468 /* Coment.swift in Sources */,
				14EF2991287303180031DD36 /* TodoHeaderCell.swift in Sources */,
				14EF298A2872F5720031DD36 /* ComentCell.swift in Sources */,
				14EF29872872BFB70031DD36 /* WriteComentViewController.swift in Sources */,
				14EF29772872ABDB0031DD36 /* MainViewController.swift in Sources */,
				14EF29632872A9330031DD36 /* AppDelegate.swift in Sources */,
				145EC54D287BFAD0007F6B12 /* CalendarViewController.swift in Sources */,
				145EC5AE287FDB1A007F6B12 /* TodoCell.swift in Sources */,
				14EF29652872A9330031DD36 /* SceneDelegate.swift in Sources */,
				14C8B63928868C5A009BB147 /* Todo.swift in Sources */,
				145EC5B1287FEEAF007F6B12 /* InputTodoViewController.swift in Sources */,
			);
			runOnlyForDeploymentPostprocessing = 0;
		};
/* End PBXSourcesBuildPhase section */

/* Begin PBXVariantGroup section */
		14EF29682872A9330031DD36 /* Main.storyboard */ = {
			isa = PBXVariantGroup;
			children = (
				14EF29692872A9330031DD36 /* Base */,
			);
			name = Main.storyboard;
			sourceTree = "<group>";
		};
		14EF296D2872A9400031DD36 /* LaunchScreen.storyboard */ = {
			isa = PBXVariantGroup;
			children = (
				14EF296E2872A9400031DD36 /* Base */,
			);
			name = LaunchScreen.storyboard;
			sourceTree = "<group>";
		};
/* End PBXVariantGroup section */

/* Begin XCBuildConfiguration section */
		14EF29712872A9400031DD36 /* Debug */ = {
			isa = XCBuildConfiguration;
			buildSettings = {
				ALWAYS_SEARCH_USER_PATHS = NO;
				CLANG_ANALYZER_NONNULL = YES;
				CLANG_ANALYZER_NUMBER_OBJECT_CONVERSION = YES_AGGRESSIVE;
				CLANG_CXX_LANGUAGE_STANDARD = "gnu++17";
				CLANG_ENABLE_MODULES = YES;
				CLANG_ENABLE_OBJC_ARC = YES;
				CLANG_ENABLE_OBJC_WEAK = YES;
				CLANG_WARN_BLOCK_CAPTURE_AUTORELEASING = YES;
				CLANG_WARN_BOOL_CONVERSION = YES;
				CLANG_WARN_COMMA = YES;
				CLANG_WARN_CONSTANT_CONVERSION = YES;
				CLANG_WARN_DEPRECATED_OBJC_IMPLEMENTATIONS = YES;
				CLANG_WARN_DIRECT_OBJC_ISA_USAGE = YES_ERROR;
				CLANG_WARN_DOCUMENTATION_COMMENTS = YES;
				CLANG_WARN_EMPTY_BODY = YES;
				CLANG_WARN_ENUM_CONVERSION = YES;
				CLANG_WARN_INFINITE_RECURSION = YES;
				CLANG_WARN_INT_CONVERSION = YES;
				CLANG_WARN_NON_LITERAL_NULL_CONVERSION = YES;
				CLANG_WARN_OBJC_IMPLICIT_RETAIN_SELF = YES;
				CLANG_WARN_OBJC_LITERAL_CONVERSION = YES;
				CLANG_WARN_OBJC_ROOT_CLASS = YES_ERROR;
				CLANG_WARN_QUOTED_INCLUDE_IN_FRAMEWORK_HEADER = YES;
				CLANG_WARN_RANGE_LOOP_ANALYSIS = YES;
				CLANG_WARN_STRICT_PROTOTYPES = YES;
				CLANG_WARN_SUSPICIOUS_MOVE = YES;
				CLANG_WARN_UNGUARDED_AVAILABILITY = YES_AGGRESSIVE;
				CLANG_WARN_UNREACHABLE_CODE = YES;
				CLANG_WARN__DUPLICATE_METHOD_MATCH = YES;
				COPY_PHASE_STRIP = NO;
				DEBUG_INFORMATION_FORMAT = dwarf;
				ENABLE_STRICT_OBJC_MSGSEND = YES;
				ENABLE_TESTABILITY = YES;
				GCC_C_LANGUAGE_STANDARD = gnu11;
				GCC_DYNAMIC_NO_PIC = NO;
				GCC_NO_COMMON_BLOCKS = YES;
				GCC_OPTIMIZATION_LEVEL = 0;
				GCC_PREPROCESSOR_DEFINITIONS = (
					"DEBUG=1",
					"$(inherited)",
				);
				GCC_WARN_64_TO_32_BIT_CONVERSION = YES;
				GCC_WARN_ABOUT_RETURN_TYPE = YES_ERROR;
				GCC_WARN_UNDECLARED_SELECTOR = YES;
				GCC_WARN_UNINITIALIZED_AUTOS = YES_AGGRESSIVE;
				GCC_WARN_UNUSED_FUNCTION = YES;
				GCC_WARN_UNUSED_VARIABLE = YES;
				IPHONEOS_DEPLOYMENT_TARGET = 15.4;
				MTL_ENABLE_DEBUG_INFO = INCLUDE_SOURCE;
				MTL_FAST_MATH = YES;
				ONLY_ACTIVE_ARCH = YES;
				SDKROOT = iphoneos;
				SWIFT_ACTIVE_COMPILATION_CONDITIONS = DEBUG;
				SWIFT_OPTIMIZATION_LEVEL = "-Onone";
			};
			name = Debug;
		};
		14EF29722872A9400031DD36 /* Release */ = {
			isa = XCBuildConfiguration;
			buildSettings = {
				ALWAYS_SEARCH_USER_PATHS = NO;
				CLANG_ANALYZER_NONNULL = YES;
				CLANG_ANALYZER_NUMBER_OBJECT_CONVERSION = YES_AGGRESSIVE;
				CLANG_CXX_LANGUAGE_STANDARD = "gnu++17";
				CLANG_ENABLE_MODULES = YES;
				CLANG_ENABLE_OBJC_ARC = YES;
				CLANG_ENABLE_OBJC_WEAK = YES;
				CLANG_WARN_BLOCK_CAPTURE_AUTORELEASING = YES;
				CLANG_WARN_BOOL_CONVERSION = YES;
				CLANG_WARN_COMMA = YES;
				CLANG_WARN_CONSTANT_CONVERSION = YES;
				CLANG_WARN_DEPRECATED_OBJC_IMPLEMENTATIONS = YES;
				CLANG_WARN_DIRECT_OBJC_ISA_USAGE = YES_ERROR;
				CLANG_WARN_DOCUMENTATION_COMMENTS = YES;
				CLANG_WARN_EMPTY_BODY = YES;
				CLANG_WARN_ENUM_CONVERSION = YES;
				CLANG_WARN_INFINITE_RECURSION = YES;
				CLANG_WARN_INT_CONVERSION = YES;
				CLANG_WARN_NON_LITERAL_NULL_CONVERSION = YES;
				CLANG_WARN_OBJC_IMPLICIT_RETAIN_SELF = YES;
				CLANG_WARN_OBJC_LITERAL_CONVERSION = YES;
				CLANG_WARN_OBJC_ROOT_CLASS = YES_ERROR;
				CLANG_WARN_QUOTED_INCLUDE_IN_FRAMEWORK_HEADER = YES;
				CLANG_WARN_RANGE_LOOP_ANALYSIS = YES;
				CLANG_WARN_STRICT_PROTOTYPES = YES;
				CLANG_WARN_SUSPICIOUS_MOVE = YES;
				CLANG_WARN_UNGUARDED_AVAILABILITY = YES_AGGRESSIVE;
				CLANG_WARN_UNREACHABLE_CODE = YES;
				CLANG_WARN__DUPLICATE_METHOD_MATCH = YES;
				COPY_PHASE_STRIP = NO;
				DEBUG_INFORMATION_FORMAT = "dwarf-with-dsym";
				ENABLE_NS_ASSERTIONS = NO;
				ENABLE_STRICT_OBJC_MSGSEND = YES;
				GCC_C_LANGUAGE_STANDARD = gnu11;
				GCC_NO_COMMON_BLOCKS = YES;
				GCC_WARN_64_TO_32_BIT_CONVERSION = YES;
				GCC_WARN_ABOUT_RETURN_TYPE = YES_ERROR;
				GCC_WARN_UNDECLARED_SELECTOR = YES;
				GCC_WARN_UNINITIALIZED_AUTOS = YES_AGGRESSIVE;
				GCC_WARN_UNUSED_FUNCTION = YES;
				GCC_WARN_UNUSED_VARIABLE = YES;
				IPHONEOS_DEPLOYMENT_TARGET = 15.4;
				MTL_ENABLE_DEBUG_INFO = NO;
				MTL_FAST_MATH = YES;
				SDKROOT = iphoneos;
				SWIFT_COMPILATION_MODE = wholemodule;
				SWIFT_OPTIMIZATION_LEVEL = "-O";
				VALIDATE_PRODUCT = YES;
			};
			name = Release;
		};
		14EF29742872A9400031DD36 /* Debug */ = {
			isa = XCBuildConfiguration;
			baseConfigurationReference = CD9A41C76513313357D75F99 /* Pods-TodoListApp.debug.xcconfig */;
			buildSettings = {
				ASSETCATALOG_COMPILER_APPICON_NAME = AppIcon;
				ASSETCATALOG_COMPILER_GLOBAL_ACCENT_COLOR_NAME = AccentColor;
				CODE_SIGN_STYLE = Automatic;
				CURRENT_PROJECT_VERSION = 1;
				DEVELOPMENT_TEAM = 99KS64JD42;
				GENERATE_INFOPLIST_FILE = YES;
				INFOPLIST_FILE = TodoListApp/Info.plist;
				INFOPLIST_KEY_CFBundleDisplayName = To.Do.;
				INFOPLIST_KEY_UIApplicationSupportsIndirectInputEvents = YES;
				INFOPLIST_KEY_UILaunchStoryboardName = LaunchScreen;
				INFOPLIST_KEY_UIMainStoryboardFile = Main;
				INFOPLIST_KEY_UISupportedInterfaceOrientations_iPad = "UIInterfaceOrientationPortrait UIInterfaceOrientationPortraitUpsideDown UIInterfaceOrientationLandscapeLeft UIInterfaceOrientationLandscapeRight";
				INFOPLIST_KEY_UISupportedInterfaceOrientations_iPhone = "UIInterfaceOrientationPortrait UIInterfaceOrientationLandscapeLeft UIInterfaceOrientationLandscapeRight";
				LD_RUNPATH_SEARCH_PATHS = (
					"$(inherited)",
					"@executable_path/Frameworks",
				);
				MARKETING_VERSION = 1.0;
				PRODUCT_BUNDLE_IDENTIFIER = com.jeon.TodoListApp;
				PRODUCT_NAME = "$(TARGET_NAME)";
				SWIFT_EMIT_LOC_STRINGS = YES;
				SWIFT_VERSION = 5.0;
				TARGETED_DEVICE_FAMILY = "1,2";
			};
			name = Debug;
		};
		14EF29752872A9400031DD36 /* Release */ = {
			isa = XCBuildConfiguration;
			baseConfigurationReference = EF234E97274A951B938A5413 /* Pods-TodoListApp.release.xcconfig */;
			buildSettings = {
				ASSETCATALOG_COMPILER_APPICON_NAME = AppIcon;
				ASSETCATALOG_COMPILER_GLOBAL_ACCENT_COLOR_NAME = AccentColor;
				CODE_SIGN_STYLE = Automatic;
				CURRENT_PROJECT_VERSION = 1;
				DEVELOPMENT_TEAM = 99KS64JD42;
				GENERATE_INFOPLIST_FILE = YES;
				INFOPLIST_FILE = TodoListApp/Info.plist;
				INFOPLIST_KEY_CFBundleDisplayName = To.Do.;
				INFOPLIST_KEY_UIApplicationSupportsIndirectInputEvents = YES;
				INFOPLIST_KEY_UILaunchStoryboardName = LaunchScreen;
				INFOPLIST_KEY_UIMainStoryboardFile = Main;
				INFOPLIST_KEY_UISupportedInterfaceOrientations_iPad = "UIInterfaceOrientationPortrait UIInterfaceOrientationPortraitUpsideDown UIInterfaceOrientationLandscapeLeft UIInterfaceOrientationLandscapeRight";
				INFOPLIST_KEY_UISupportedInterfaceOrientations_iPhone = "UIInterfaceOrientationPortrait UIInterfaceOrientationLandscapeLeft UIInterfaceOrientationLandscapeRight";
				LD_RUNPATH_SEARCH_PATHS = (
					"$(inherited)",
					"@executable_path/Frameworks",
				);
				MARKETING_VERSION = 1.0;
				PRODUCT_BUNDLE_IDENTIFIER = com.jeon.TodoListApp;
				PRODUCT_NAME = "$(TARGET_NAME)";
				SWIFT_EMIT_LOC_STRINGS = YES;
				SWIFT_VERSION = 5.0;
				TARGETED_DEVICE_FAMILY = "1,2";
			};
			name = Release;
		};
/* End XCBuildConfiguration section */

/* Begin XCConfigurationList section */
		14EF295A2872A9320031DD36 /* Build configuration list for PBXProject "TodoListApp" */ = {
			isa = XCConfigurationList;
			buildConfigurations = (
				14EF29712872A9400031DD36 /* Debug */,
				14EF29722872A9400031DD36 /* Release */,
			);
			defaultConfigurationIsVisible = 0;
			defaultConfigurationName = Release;
		};
		14EF29732872A9400031DD36 /* Build configuration list for PBXNativeTarget "TodoListApp" */ = {
			isa = XCConfigurationList;
			buildConfigurations = (
				14EF29742872A9400031DD36 /* Debug */,
				14EF29752872A9400031DD36 /* Release */,
			);
			defaultConfigurationIsVisible = 0;
			defaultConfigurationName = Release;
		};
/* End XCConfigurationList section */
	};
	rootObject = 14EF29572872A9320031DD36 /* Project object */;
}
